{
  "name": "br-acc",
  "lockfileVersion": 3,
  "requires": true,
  "packages": {
    "": {
      "dependencies": {
        "@egosbr/guard-brasil": "^0.1.0"
      }
    },
    "node_modules/@egosbr/guard-brasil": {
      "version": "0.1.0",
      "resolved": "https://registry.npmjs.org/@egosbr/guard-brasil/-/guard-brasil-0.1.0.tgz",
      "integrity": "sha512-aXijrHdRbpkhBUZcPnWTxGD6+DSAQgqN5gegr5N4KfRex7kYfv4Od/3P0pzygZdb3E8ts3nZEBQXWSPdFGZT+w==",
      "license": "MIT"
    }
  }
}
